
Microsoft Visual Studio Solution File, Format Version 12.00
# Visual Studio Version 17
VisualStudioVersion = 17.7.34202.233
MinimumVisualStudioVersion = 10.0.40219.1
Project("{FAE04EC0-301F-11D3-BF4B-00C04F79EFBC}") = "Project1", "Project1\Project1.csproj", "{3E92AC81-85FD-48CC-9C2A-9D2966E613C2}"
EndProject
Global
	GlobalSection(SolutionConfigurationPlatforms) = preSolution
		Debug|Any CPU = Debug|Any CPU
		Release|Any CPU = Release|Any CPU
	EndGlobalSection
	GlobalSection(ProjectConfigurationPlatforms) = postSolution
		{3E92AC81-85FD-48CC-9C2A-9D2966E613C2}.Debug|Any CPU.ActiveCfg = Debug|Any CPU
		{3E92AC81-85FD-48CC-9C2A-9D2966E613C2}.Debug|Any CPU.Build.0 = Debug|Any CPU
		{3E92AC81-85FD-48CC-9C2A-9D2966E613C2}.Release|Any CPU.ActiveCfg = Release|Any CPU
		{3E92AC81-85FD-48CC-9C2A-9D2966E613C2}.Release|Any CPU.Build.0 = Release|Any CPU
	EndGlobalSection
	GlobalSection(SolutionProperties) = preSolution
		HideSolutionNode = FALSE
	EndGlobalSection
	GlobalSection(ExtensibilityGlobals) = postSolution
		SolutionGuid = {DDEB6FA4-9800-401B-B2EC-F72FE1646789}
	EndGlobalSection
EndGlobal
